
Microsoft Visual Studio Solution File, Format Version 12.00
# Visual Studio 14
VisualStudioVersion = 14.0.25420.1
MinimumVisualStudioVersion = 10.0.40219.1
Project("{FAE04EC0-301F-11D3-BF4B-00C04F79EFBC}") = "VindicateLib", "VindicateLib\VindicateLib.csproj", "{BC4A9D24-6C5B-430D-B3B9-5D503B051C01}"
EndProject
Project("{FAE04EC0-301F-11D3-BF4B-00C04F79EFBC}") = "VindicateCLI", "VindicateCLI\VindicateCLI.csproj", "{5E0A79DD-5EB2-4D98-B28C-4B4D0B5C53FC}"
EndProject
Project("{FAE04EC0-301F-11D3-BF4B-00C04F79EFBC}") = "VindicateService", "VindicateService\VindicateService.csproj", "{ABA846EC-B7C1-4A6A-95EC-158599D1C9D3}"
EndProject
Project("{FAE04EC0-301F-11D3-BF4B-00C04F79EFBC}") = "VindicateLibTests", "VindicateLibTests\VindicateLibTests.csproj", "{5BA91E95-BAF6-4175-8B9E-DEA338E0C5FD}"
EndProject
Project("{FAE04EC0-301F-11D3-BF4B-00C04F79EFBC}") = "VindicateFirewallLib", "VindicateFirewallLib\VindicateFirewallLib.csproj", "{979BBC6D-C59E-481C-9034-DE193C1BDAD9}"
EndProject
Global
	GlobalSection(SolutionConfigurationPlatforms) = preSolution
		Debug|Any CPU = Debug|Any CPU
		Release|Any CPU = Release|Any CPU
	EndGlobalSection
	GlobalSection(ProjectConfigurationPlatforms) = postSolution
		{BC4A9D24-6C5B-430D-B3B9-5D503B051C01}.Debug|Any CPU.ActiveCfg = Debug|Any CPU
		{BC4A9D24-6C5B-430D-B3B9-5D503B051C01}.Debug|Any CPU.Build.0 = Debug|Any CPU
		{BC4A9D24-6C5B-430D-B3B9-5D503B051C01}.Release|Any CPU.ActiveCfg = Release|Any CPU
		{BC4A9D24-6C5B-430D-B3B9-5D503B051C01}.Release|Any CPU.Build.0 = Release|Any CPU
		{5E0A79DD-5EB2-4D98-B28C-4B4D0B5C53FC}.Debug|Any CPU.ActiveCfg = Debug|Any CPU
		{5E0A79DD-5EB2-4D98-B28C-4B4D0B5C53FC}.Debug|Any CPU.Build.0 = Debug|Any CPU
		{5E0A79DD-5EB2-4D98-B28C-4B4D0B5C53FC}.Release|Any CPU.ActiveCfg = Release|Any CPU
		{5E0A79DD-5EB2-4D98-B28C-4B4D0B5C53FC}.Release|Any CPU.Build.0 = Release|Any CPU
		{ABA846EC-B7C1-4A6A-95EC-158599D1C9D3}.Debug|Any CPU.ActiveCfg = Debug|Any CPU
		{ABA846EC-B7C1-4A6A-95EC-158599D1C9D3}.Debug|Any CPU.Build.0 = Debug|Any CPU
		{ABA846EC-B7C1-4A6A-95EC-158599D1C9D3}.Release|Any CPU.ActiveCfg = Release|Any CPU
		{ABA846EC-B7C1-4A6A-95EC-158599D1C9D3}.Release|Any CPU.Build.0 = Release|Any CPU
		{5BA91E95-BAF6-4175-8B9E-DEA338E0C5FD}.Debug|Any CPU.ActiveCfg = Debug|Any CPU
		{5BA91E95-BAF6-4175-8B9E-DEA338E0C5FD}.Debug|Any CPU.Build.0 = Debug|Any CPU
		{5BA91E95-BAF6-4175-8B9E-DEA338E0C5FD}.Release|Any CPU.ActiveCfg = Release|Any CPU
		{5BA91E95-BAF6-4175-8B9E-DEA338E0C5FD}.Release|Any CPU.Build.0 = Release|Any CPU
		{979BBC6D-C59E-481C-9034-DE193C1BDAD9}.Debug|Any CPU.ActiveCfg = Debug|Any CPU
		{979BBC6D-C59E-481C-9034-DE193C1BDAD9}.Debug|Any CPU.Build.0 = Debug|Any CPU
		{979BBC6D-C59E-481C-9034-DE193C1BDAD9}.Release|Any CPU.ActiveCfg = Release|Any CPU
		{979BBC6D-C59E-481C-9034-DE193C1BDAD9}.Release|Any CPU.Build.0 = Release|Any CPU
	EndGlobalSection
	GlobalSection(SolutionProperties) = preSolution
		HideSolutionNode = FALSE
	EndGlobalSection
EndGlobal
